
Microsoft Visual Studio Solution File, Format Version 12.00
# Visual Studio Version 16
VisualStudioVersion = 16.0.29409.12
MinimumVisualStudioVersion = 10.0.40219.1
Project("{9A19103F-16F7-4668-BE54-9A1E7A4F7556}") = "VenimusAPIs", "src\VenimusAPIs\VenimusAPIs.csproj", "{3924D9D0-85EE-42BD-813C-654E59579415}"
EndProject
Project("{9A19103F-16F7-4668-BE54-9A1E7A4F7556}") = "VenimusAPIs.Tests", "tests\VenimusAPIs.Tests\VenimusAPIs.Tests.csproj", "{82779B2C-C85D-4683-8AB3-EB581FD2D561}"
EndProject
Project("{9A19103F-16F7-4668-BE54-9A1E7A4F7556}") = "CreateInitialData", "tools\CreateInitialData\CreateInitialData.csproj", "{7D49751C-A140-4EC9-9C33-06C77B09FE20}"
EndProject
Project("{9A19103F-16F7-4668-BE54-9A1E7A4F7556}") = "YorkDeveloperEvents", "..\yorkdevelopersevents\YorkDeveloperEvents.csproj", "{C33FF857-19E1-42B6-9B66-0D7FB5D93580}"
EndProject
Global
	GlobalSection(SolutionConfigurationPlatforms) = preSolution
		Debug|Any CPU = Debug|Any CPU
		Release|Any CPU = Release|Any CPU
	EndGlobalSection
	GlobalSection(ProjectConfigurationPlatforms) = postSolution
		{3924D9D0-85EE-42BD-813C-654E59579415}.Debug|Any CPU.ActiveCfg = Debug|Any CPU
		{3924D9D0-85EE-42BD-813C-654E59579415}.Debug|Any CPU.Build.0 = Debug|Any CPU
		{3924D9D0-85EE-42BD-813C-654E59579415}.Release|Any CPU.ActiveCfg = Release|Any CPU
		{3924D9D0-85EE-42BD-813C-654E59579415}.Release|Any CPU.Build.0 = Release|Any CPU
		{82779B2C-C85D-4683-8AB3-EB581FD2D561}.Debug|Any CPU.ActiveCfg = Debug|Any CPU
		{82779B2C-C85D-4683-8AB3-EB581FD2D561}.Debug|Any CPU.Build.0 = Debug|Any CPU
		{82779B2C-C85D-4683-8AB3-EB581FD2D561}.Release|Any CPU.ActiveCfg = Release|Any CPU
		{82779B2C-C85D-4683-8AB3-EB581FD2D561}.Release|Any CPU.Build.0 = Release|Any CPU
		{7D49751C-A140-4EC9-9C33-06C77B09FE20}.Debug|Any CPU.ActiveCfg = Debug|Any CPU
		{7D49751C-A140-4EC9-9C33-06C77B09FE20}.Debug|Any CPU.Build.0 = Debug|Any CPU
		{7D49751C-A140-4EC9-9C33-06C77B09FE20}.Release|Any CPU.ActiveCfg = Release|Any CPU
		{7D49751C-A140-4EC9-9C33-06C77B09FE20}.Release|Any CPU.Build.0 = Release|Any CPU
		{C33FF857-19E1-42B6-9B66-0D7FB5D93580}.Debug|Any CPU.ActiveCfg = Debug|Any CPU
		{C33FF857-19E1-42B6-9B66-0D7FB5D93580}.Debug|Any CPU.Build.0 = Debug|Any CPU
		{C33FF857-19E1-42B6-9B66-0D7FB5D93580}.Release|Any CPU.ActiveCfg = Release|Any CPU
		{C33FF857-19E1-42B6-9B66-0D7FB5D93580}.Release|Any CPU.Build.0 = Release|Any CPU
	EndGlobalSection
	GlobalSection(SolutionProperties) = preSolution
		HideSolutionNode = FALSE
	EndGlobalSection
	GlobalSection(ExtensibilityGlobals) = postSolution
		SolutionGuid = {D2AF4514-93BC-42E4-A2C6-CC01179D7296}
	EndGlobalSection
EndGlobal
